
Microsoft Visual Studio Solution File, Format Version 12.00
# Visual Studio Version 17
VisualStudioVersion = 17.9.34701.34
MinimumVisualStudioVersion = 10.0.40219.1
Project("{FAE04EC0-301F-11D3-BF4B-00C04F79EFBC}") = "OPCClientHMI", "OPCClientHMI\OPCClientHMI.csproj", "{F4B0F93F-2DEC-418F-8746-626E4EF46D46}"
EndProject
Global
	GlobalSection(SolutionConfigurationPlatforms) = preSolution
		Debug|Any CPU = Debug|Any CPU
		Release|Any CPU = Release|Any CPU
	EndGlobalSection
	GlobalSection(ProjectConfigurationPlatforms) = postSolution
		{F4B0F93F-2DEC-418F-8746-626E4EF46D46}.Debug|Any CPU.ActiveCfg = Debug|Any CPU
		{F4B0F93F-2DEC-418F-8746-626E4EF46D46}.Debug|Any CPU.Build.0 = Debug|Any CPU
		{F4B0F93F-2DEC-418F-8746-626E4EF46D46}.Release|Any CPU.ActiveCfg = Release|Any CPU
		{F4B0F93F-2DEC-418F-8746-626E4EF46D46}.Release|Any CPU.Build.0 = Release|Any CPU
	EndGlobalSection
	GlobalSection(SolutionProperties) = preSolution
		HideSolutionNode = FALSE
	EndGlobalSection
	GlobalSection(ExtensibilityGlobals) = postSolution
		SolutionGuid = {515E646A-6089-48F0-BC1E-4B0AFAF7CE9C}
	EndGlobalSection
EndGlobal
